
Microsoft Visual Studio Solution File, Format Version 12.00
# Visual Studio Version 17
VisualStudioVersion = 17.1.32228.430
MinimumVisualStudioVersion = 10.0.40219.1
Project("{FAE04EC0-301F-11D3-BF4B-00C04F79EFBC}") = "PracticeLinq", "PracticeLinq.csproj", "{6B868273-7866-44D4-9526-22F9A3D16876}"
EndProject
Global
	GlobalSection(SolutionConfigurationPlatforms) = preSolution
		Debug|Any CPU = Debug|Any CPU
		Release|Any CPU = Release|Any CPU
	EndGlobalSection
	GlobalSection(ProjectConfigurationPlatforms) = postSolution
		{6B868273-7866-44D4-9526-22F9A3D16876}.Debug|Any CPU.ActiveCfg = Debug|Any CPU
		{6B868273-7866-44D4-9526-22F9A3D16876}.Debug|Any CPU.Build.0 = Debug|Any CPU
		{6B868273-7866-44D4-9526-22F9A3D16876}.Release|Any CPU.ActiveCfg = Release|Any CPU
		{6B868273-7866-44D4-9526-22F9A3D16876}.Release|Any CPU.Build.0 = Release|Any CPU
	EndGlobalSection
	GlobalSection(SolutionProperties) = preSolution
		HideSolutionNode = FALSE
	EndGlobalSection
	GlobalSection(ExtensibilityGlobals) = postSolution
		SolutionGuid = {59060462-79EB-430A-B23D-532C7B7EEA94}
	EndGlobalSection
EndGlobal
